// !$*UTF8*$!
{
	archiveVersion = 1;
	classes = {
	};
	objectVersion = 50;
	objects = {

/* Begin PBXBuildFile section */
		2D3BD0DF2090BC4D00D1CBDA /* Message.swift in Sources */ = {isa = PBXBuildFile; fileRef = 2D3BD0DE2090BC4D00D1CBDA /* Message.swift */; };
		2D86C394208EA99100A2C48E /* AppDelegate.swift in Sources */ = {isa = PBXBuildFile; fileRef = 2D86C393208EA99100A2C48E /* AppDelegate.swift */; };
		2D86C396208EA99100A2C48E /* FeedVC.swift in Sources */ = {isa = PBXBuildFile; fileRef = 2D86C395208EA99100A2C48E /* FeedVC.swift */; };
		2D86C398208EA99100A2C48E /* GroupsVC.swift in Sources */ = {isa = PBXBuildFile; fileRef = 2D86C397208EA99100A2C48E /* GroupsVC.swift */; };
		2D86C39B208EA99100A2C48E /* Main.storyboard in Resources */ = {isa = PBXBuildFile; fileRef = 2D86C399208EA99100A2C48E /* Main.storyboard */; };
		2D86C39D208EA9B800A2C48E /* Assets.xcassets in Resources */ = {isa = PBXBuildFile; fileRef = 2D86C39C208EA9B800A2C48E /* Assets.xcassets */; };
		2D86C3A0208EA9B800A2C48E /* LaunchScreen.storyboard in Resources */ = {isa = PBXBuildFile; fileRef = 2D86C39E208EA9B800A2C48E /* LaunchScreen.storyboard */; };
		2D86C3AD208EAF7100A2C48E /* GoogleService-Info.plist in Resources */ = {isa = PBXBuildFile; fileRef = 2D86C3AC208EAF7100A2C48E /* GoogleService-Info.plist */; };
		2D86C3AF208EB64100A2C48E /* DataService.swift in Sources */ = {isa = PBXBuildFile; fileRef = 2D86C3AE208EB64100A2C48E /* DataService.swift */; };
		2DE41B382090F6DF00657367 /* CreateGroupsVC.swift in Sources */ = {isa = PBXBuildFile; fileRef = 2DE41B372090F6DF00657367 /* CreateGroupsVC.swift */; };
		2DE79CCC208FEF230000A461 /* AuthVC.swift in Sources */ = {isa = PBXBuildFile; fileRef = 2DE79CCB208FEF230000A461 /* AuthVC.swift */; };
		2DE79CCE208FEF670000A461 /* LoginVC.swift in Sources */ = {isa = PBXBuildFile; fileRef = 2DE79CCD208FEF670000A461 /* LoginVC.swift */; };
		2DE79CD0208FEFDE0000A461 /* InsetTextField.swift in Sources */ = {isa = PBXBuildFile; fileRef = 2DE79CCF208FEFDE0000A461 /* InsetTextField.swift */; };
		2DE79CD2208FF79F0000A461 /* ShadowView.swift in Sources */ = {isa = PBXBuildFile; fileRef = 2DE79CD1208FF79F0000A461 /* ShadowView.swift */; };
		2DE79CD4208FFA280000A461 /* AuthService.swift in Sources */ = {isa = PBXBuildFile; fileRef = 2DE79CD3208FFA280000A461 /* AuthService.swift */; };
		2DE79CD62090288E0000A461 /* MeVC.swift in Sources */ = {isa = PBXBuildFile; fileRef = 2DE79CD52090288E0000A461 /* MeVC.swift */; };
		2DE79CD820902FA90000A461 /* CreatePostVC.swift in Sources */ = {isa = PBXBuildFile; fileRef = 2DE79CD720902FA90000A461 /* CreatePostVC.swift */; };
		2DE79CDA209033CC0000A461 /* UIViewExt.swift in Sources */ = {isa = PBXBuildFile; fileRef = 2DE79CD9209033CC0000A461 /* UIViewExt.swift */; };
		2DE79CDC20903A3D0000A461 /* FeedCell.swift in Sources */ = {isa = PBXBuildFile; fileRef = 2DE79CDB20903A3D0000A461 /* FeedCell.swift */; };
		F8DC8694B8329ACC6ADC1158 /* Pods_Breakpoint.framework in Frameworks */ = {isa = PBXBuildFile; fileRef = 75F9BE881731F6623B9C31E4 /* Pods_Breakpoint.framework */; };
/* End PBXBuildFile section */

/* Begin PBXFileReference section */
		2D3BD0DE2090BC4D00D1CBDA /* Message.swift */ = {isa = PBXFileReference; lastKnownFileType = sourcecode.swift; path = Message.swift; sourceTree = "<group>"; };
		2D86C390208EA99100A2C48E /* Breakpoint.app */ = {isa = PBXFileReference; explicitFileType = wrapper.application; includeInIndex = 0; path = Breakpoint.app; sourceTree = BUILT_PRODUCTS_DIR; };
		2D86C393208EA99100A2C48E /* AppDelegate.swift */ = {isa = PBXFileReference; lastKnownFileType = sourcecode.swift; path = AppDelegate.swift; sourceTree = "<group>"; };
		2D86C395208EA99100A2C48E /* FeedVC.swift */ = {isa = PBXFileReference; lastKnownFileType = sourcecode.swift; path = FeedVC.swift; sourceTree = "<group>"; };
		2D86C397208EA99100A2C48E /* GroupsVC.swift */ = {isa = PBXFileReference; lastKnownFileType = sourcecode.swift; path = GroupsVC.swift; sourceTree = "<group>"; };
		2D86C39A208EA99100A2C48E /* Base */ = {isa = PBXFileReference; lastKnownFileType = file.storyboard; name = Base; path = Base.lproj/Main.storyboard; sourceTree = "<group>"; };
		2D86C39C208EA9B800A2C48E /* Assets.xcassets */ = {isa = PBXFileReference; lastKnownFileType = folder.assetcatalog; path = Assets.xcassets; sourceTree = "<group>"; };
		2D86C39F208EA9B800A2C48E /* Base */ = {isa = PBXFileReference; lastKnownFileType = file.storyboard; name = Base; path = Base.lproj/LaunchScreen.storyboard; sourceTree = "<group>"; };
		2D86C3A1208EA9B800A2C48E /* Info.plist */ = {isa = PBXFileReference; lastKnownFileType = text.plist.xml; path = Info.plist; sourceTree = "<group>"; };
		2D86C3AC208EAF7100A2C48E /* GoogleService-Info.plist */ = {isa = PBXFileReference; fileEncoding = 4; lastKnownFileType = text.plist.xml; path = "GoogleService-Info.plist"; sourceTree = "<group>"; };
		2D86C3AE208EB64100A2C48E /* DataService.swift */ = {isa = PBXFileReference; lastKnownFileType = sourcecode.swift; path = DataService.swift; sourceTree = "<group>"; };
		2DE41B372090F6DF00657367 /* CreateGroupsVC.swift */ = {isa = PBXFileReference; lastKnownFileType = sourcecode.swift; path = CreateGroupsVC.swift; sourceTree = "<group>"; };
		2DE79CCB208FEF230000A461 /* AuthVC.swift */ = {isa = PBXFileReference; lastKnownFileType = sourcecode.swift; path = AuthVC.swift; sourceTree = "<group>"; };
		2DE79CCD208FEF670000A461 /* LoginVC.swift */ = {isa = PBXFileReference; lastKnownFileType = sourcecode.swift; path = LoginVC.swift; sourceTree = "<group>"; };
		2DE79CCF208FEFDE0000A461 /* InsetTextField.swift */ = {isa = PBXFileReference; lastKnownFileType = sourcecode.swift; path = InsetTextField.swift; sourceTree = "<group>"; };
		2DE79CD1208FF79F0000A461 /* ShadowView.swift */ = {isa = PBXFileReference; lastKnownFileType = sourcecode.swift; path = ShadowView.swift; sourceTree = "<group>"; };
		2DE79CD3208FFA280000A461 /* AuthService.swift */ = {isa = PBXFileReference; lastKnownFileType = sourcecode.swift; path = AuthService.swift; sourceTree = "<group>"; };
		2DE79CD52090288E0000A461 /* MeVC.swift */ = {isa = PBXFileReference; lastKnownFileType = sourcecode.swift; path = MeVC.swift; sourceTree = "<group>"; };
		2DE79CD720902FA90000A461 /* CreatePostVC.swift */ = {isa = PBXFileReference; lastKnownFileType = sourcecode.swift; path = CreatePostVC.swift; sourceTree = "<group>"; };
		2DE79CD9209033CC0000A461 /* UIViewExt.swift */ = {isa = PBXFileReference; lastKnownFileType = sourcecode.swift; path = UIViewExt.swift; sourceTree = "<group>"; };
		2DE79CDB20903A3D0000A461 /* FeedCell.swift */ = {isa = PBXFileReference; lastKnownFileType = sourcecode.swift; path = FeedCell.swift; sourceTree = "<group>"; };
		508A24466DAB0BA29828FFE5 /* Pods-Breakpoint.release.xcconfig */ = {isa = PBXFileReference; includeInIndex = 1; lastKnownFileType = text.xcconfig; name = "Pods-Breakpoint.release.xcconfig"; path = "Pods/Target Support Files/Pods-Breakpoint/Pods-Breakpoint.release.xcconfig"; sourceTree = "<group>"; };
		75F9BE881731F6623B9C31E4 /* Pods_Breakpoint.framework */ = {isa = PBXFileReference; explicitFileType = wrapper.framework; includeInIndex = 0; path = Pods_Breakpoint.framework; sourceTree = BUILT_PRODUCTS_DIR; };
		9710B911B9B4273867501835 /* Pods-Breakpoint.debug.xcconfig */ = {isa = PBXFileReference; includeInIndex = 1; lastKnownFileType = text.xcconfig; name = "Pods-Breakpoint.debug.xcconfig"; path = "Pods/Target Support Files/Pods-Breakpoint/Pods-Breakpoint.debug.xcconfig"; sourceTree = "<group>"; };
/* End PBXFileReference section */

/* Begin PBXFrameworksBuildPhase section */
		2D86C38D208EA99100A2C48E /* Frameworks */ = {
			isa = PBXFrameworksBuildPhase;
			buildActionMask = 2147483647;
			files = (
				F8DC8694B8329ACC6ADC1158 /* Pods_Breakpoint.framework in Frameworks */,
			);
			runOnlyForDeploymentPostprocessing = 0;
		};
/* End PBXFrameworksBuildPhase section */

/* Begin PBXGroup section */
		2110F189169CF05517D8F208 /* Frameworks */ = {
			isa = PBXGroup;
			children = (
				75F9BE881731F6623B9C31E4 /* Pods_Breakpoint.framework */,
			);
			name = Frameworks;
			sourceTree = "<group>";
		};
		2796403EE08E3EF29E36325A /* Pods */ = {
			isa = PBXGroup;
			children = (
				9710B911B9B4273867501835 /* Pods-Breakpoint.debug.xcconfig */,
				508A24466DAB0BA29828FFE5 /* Pods-Breakpoint.release.xcconfig */,
			);
			name = Pods;
			sourceTree = "<group>";
		};
		2D86C387208EA99000A2C48E = {
			isa = PBXGroup;
			children = (
				2D86C392208EA99100A2C48E /* Breakpoint */,
				2D86C391208EA99100A2C48E /* Products */,
				2796403EE08E3EF29E36325A /* Pods */,
				2110F189169CF05517D8F208 /* Frameworks */,
			);
			sourceTree = "<group>";
		};
		2D86C391208EA99100A2C48E /* Products */ = {
			isa = PBXGroup;
			children = (
				2D86C390208EA99100A2C48E /* Breakpoint.app */,
			);
			name = Products;
			sourceTree = "<group>";
		};
		2D86C392208EA99100A2C48E /* Breakpoint */ = {
			isa = PBXGroup;
			children = (
				2D86C3AB208EAC2900A2C48E /* Services */,
				2D86C3AA208EAC0100A2C48E /* Extensions */,
				2D86C3A9208EABEE00A2C48E /* Model */,
				2D86C3A8208EABE800A2C48E /* View */,
				2D86C3A7208EAA2C00A2C48E /* Controller */,
				2D86C393208EA99100A2C48E /* AppDelegate.swift */,
				2D86C399208EA99100A2C48E /* Main.storyboard */,
				2D86C39C208EA9B800A2C48E /* Assets.xcassets */,
				2D86C39E208EA9B800A2C48E /* LaunchScreen.storyboard */,
				2D86C3A1208EA9B800A2C48E /* Info.plist */,
				2D86C3AC208EAF7100A2C48E /* GoogleService-Info.plist */,
			);
			path = Breakpoint;
			sourceTree = "<group>";
		};
		2D86C3A7208EAA2C00A2C48E /* Controller */ = {
			isa = PBXGroup;
			children = (
				2D86C395208EA99100A2C48E /* FeedVC.swift */,
				2D86C397208EA99100A2C48E /* GroupsVC.swift */,
				2DE79CCB208FEF230000A461 /* AuthVC.swift */,
				2DE79CCD208FEF670000A461 /* LoginVC.swift */,
				2DE79CD52090288E0000A461 /* MeVC.swift */,
				2DE79CD720902FA90000A461 /* CreatePostVC.swift */,
				2DE41B372090F6DF00657367 /* CreateGroupsVC.swift */,
			);
			path = Controller;
			sourceTree = "<group>";
		};
		2D86C3A8208EABE800A2C48E /* View */ = {
			isa = PBXGroup;
			children = (
				2DE79CCF208FEFDE0000A461 /* InsetTextField.swift */,
				2DE79CD1208FF79F0000A461 /* ShadowView.swift */,
				2DE79CDB20903A3D0000A461 /* FeedCell.swift */,
			);
			path = View;
			sourceTree = "<group>";
		};
		2D86C3A9208EABEE00A2C48E /* Model */ = {
			isa = PBXGroup;
			children = (
				2D3BD0DE2090BC4D00D1CBDA /* Message.swift */,
			);
			path = Model;
			sourceTree = "<group>";
		};
		2D86C3AA208EAC0100A2C48E /* Extensions */ = {
			isa = PBXGroup;
			children = (
				2DE79CD9209033CC0000A461 /* UIViewExt.swift */,
			);
			path = Extensions;
			sourceTree = "<group>";
		};
		2D86C3AB208EAC2900A2C48E /* Services */ = {
			isa = PBXGroup;
			children = (
				2D86C3AE208EB64100A2C48E /* DataService.swift */,
				2DE79CD3208FFA280000A461 /* AuthService.swift */,
			);
			path = Services;
			sourceTree = "<group>";
		};
/* End PBXGroup section */

/* Begin PBXNativeTarget section */
		2D86C38F208EA99100A2C48E /* Breakpoint */ = {
			isa = PBXNativeTarget;
			buildConfigurationList = 2D86C3A4208EA9B800A2C48E /* Build configuration list for PBXNativeTarget "Breakpoint" */;
			buildPhases = (
				09BC887EAD7CFAA115206230 /* [CP] Check Pods Manifest.lock */,
				2D86C38C208EA99100A2C48E /* Sources */,
				2D86C38D208EA99100A2C48E /* Frameworks */,
				2D86C38E208EA99100A2C48E /* Resources */,
				D339A12D16551CB92EBE2300 /* [CP] Embed Pods Frameworks */,
			);
			buildRules = (
			);
			dependencies = (
			);
			name = Breakpoint;
			productName = Breakpoint;
			productReference = 2D86C390208EA99100A2C48E /* Breakpoint.app */;
			productType = "com.apple.product-type.application";
		};
/* End PBXNativeTarget section */

/* Begin PBXProject section */
		2D86C388208EA99000A2C48E /* Project object */ = {
			isa = PBXProject;
			attributes = {
				LastSwiftUpdateCheck = 0930;
				LastUpgradeCheck = 0930;
				ORGANIZATIONNAME = PMC;
				TargetAttributes = {
					2D86C38F208EA99100A2C48E = {
						CreatedOnToolsVersion = 9.3;
					};
				};
			};
			buildConfigurationList = 2D86C38B208EA99100A2C48E /* Build configuration list for PBXProject "Breakpoint" */;
			compatibilityVersion = "Xcode 9.3";
			developmentRegion = en;
			hasScannedForEncodings = 0;
			knownRegions = (
				en,
				Base,
			);
			mainGroup = 2D86C387208EA99000A2C48E;
			productRefGroup = 2D86C391208EA99100A2C48E /* Products */;
			projectDirPath = "";
			projectRoot = "";
			targets = (
				2D86C38F208EA99100A2C48E /* Breakpoint */,
			);
		};
/* End PBXProject section */

/* Begin PBXResourcesBuildPhase section */
		2D86C38E208EA99100A2C48E /* Resources */ = {
			isa = PBXResourcesBuildPhase;
			buildActionMask = 2147483647;
			files = (
				2D86C3A0208EA9B800A2C48E /* LaunchScreen.storyboard in Resources */,
				2D86C3AD208EAF7100A2C48E /* GoogleService-Info.plist in Resources */,
				2D86C39D208EA9B800A2C48E /* Assets.xcassets in Resources */,
				2D86C39B208EA99100A2C48E /* Main.storyboard in Resources */,
			);
			runOnlyForDeploymentPostprocessing = 0;
		};
/* End PBXResourcesBuildPhase section */

/* Begin PBXShellScriptBuildPhase section */
		09BC887EAD7CFAA115206230 /* [CP] Check Pods Manifest.lock */ = {
			isa = PBXShellScriptBuildPhase;
			buildActionMask = 2147483647;
			files = (
			);
			inputPaths = (
				"${PODS_PODFILE_DIR_PATH}/Podfile.lock",
				"${PODS_ROOT}/Manifest.lock",
			);
			name = "[CP] Check Pods Manifest.lock";
			outputPaths = (
				"$(DERIVED_FILE_DIR)/Pods-Breakpoint-checkManifestLockResult.txt",
			);
			runOnlyForDeploymentPostprocessing = 0;
			shellPath = /bin/sh;
			shellScript = "diff \"${PODS_PODFILE_DIR_PATH}/Podfile.lock\" \"${PODS_ROOT}/Manifest.lock\" > /dev/null\nif [ $? != 0 ] ; then\n    # print error to STDERR\n    echo \"error: The sandbox is not in sync with the Podfile.lock. Run 'pod install' or update your CocoaPods installation.\" >&2\n    exit 1\nfi\n# This output is used by Xcode 'outputs' to avoid re-running this script phase.\necho \"SUCCESS\" > \"${SCRIPT_OUTPUT_FILE_0}\"\n";
			showEnvVarsInLog = 0;
		};
		D339A12D16551CB92EBE2300 /* [CP] Embed Pods Frameworks */ = {
			isa = PBXShellScriptBuildPhase;
			buildActionMask = 2147483647;
			files = (
			);
			inputPaths = (
				"${SRCROOT}/Pods/Target Support Files/Pods-Breakpoint/Pods-Breakpoint-frameworks.sh",
				"${BUILT_PRODUCTS_DIR}/GTMSessionFetcher/GTMSessionFetcher.framework",
				"${BUILT_PRODUCTS_DIR}/GoogleToolboxForMac/GoogleToolboxForMac.framework",
				"${BUILT_PRODUCTS_DIR}/leveldb-library/leveldb.framework",
				"${BUILT_PRODUCTS_DIR}/nanopb/nanopb.framework",
			);
			name = "[CP] Embed Pods Frameworks";
			outputPaths = (
				"${TARGET_BUILD_DIR}/${FRAMEWORKS_FOLDER_PATH}/GTMSessionFetcher.framework",
				"${TARGET_BUILD_DIR}/${FRAMEWORKS_FOLDER_PATH}/GoogleToolboxForMac.framework",
				"${TARGET_BUILD_DIR}/${FRAMEWORKS_FOLDER_PATH}/leveldb.framework",
				"${TARGET_BUILD_DIR}/${FRAMEWORKS_FOLDER_PATH}/nanopb.framework",
			);
			runOnlyForDeploymentPostprocessing = 0;
			shellPath = /bin/sh;
			shellScript = "\"${SRCROOT}/Pods/Target Support Files/Pods-Breakpoint/Pods-Breakpoint-frameworks.sh\"\n";
			showEnvVarsInLog = 0;
		};
/* End PBXShellScriptBuildPhase section */

/* Begin PBXSourcesBuildPhase section */
		2D86C38C208EA99100A2C48E /* Sources */ = {
			isa = PBXSourcesBuildPhase;
			buildActionMask = 2147483647;
			files = (
				2DE79CDA209033CC0000A461 /* UIViewExt.swift in Sources */,
				2DE79CDC20903A3D0000A461 /* FeedCell.swift in Sources */,
				2DE79CD62090288E0000A461 /* MeVC.swift in Sources */,
				2DE79CCC208FEF230000A461 /* AuthVC.swift in Sources */,
				2D86C398208EA99100A2C48E /* GroupsVC.swift in Sources */,
				2DE79CCE208FEF670000A461 /* LoginVC.swift in Sources */,
				2DE79CD4208FFA280000A461 /* AuthService.swift in Sources */,
				2DE41B382090F6DF00657367 /* CreateGroupsVC.swift in Sources */,
				2D86C394208EA99100A2C48E /* AppDelegate.swift in Sources */,
				2DE79CD2208FF79F0000A461 /* ShadowView.swift in Sources */,
				2DE79CD820902FA90000A461 /* CreatePostVC.swift in Sources */,
				2D86C396208EA99100A2C48E /* FeedVC.swift in Sources */,
				2DE79CD0208FEFDE0000A461 /* InsetTextField.swift in Sources */,
				2D86C3AF208EB64100A2C48E /* DataService.swift in Sources */,
				2D3BD0DF2090BC4D00D1CBDA /* Message.swift in Sources */,
			);
			runOnlyForDeploymentPostprocessing = 0;
		};
/* End PBXSourcesBuildPhase section */

/* Begin PBXVariantGroup section */
		2D86C399208EA99100A2C48E /* Main.storyboard */ = {
			isa = PBXVariantGroup;
			children = (
				2D86C39A208EA99100A2C48E /* Base */,
			);
			name = Main.storyboard;
			sourceTree = "<group>";
		};
		2D86C39E208EA9B800A2C48E /* LaunchScreen.storyboard */ = {
			isa = PBXVariantGroup;
			children = (
				2D86C39F208EA9B800A2C48E /* Base */,
			);
			name = LaunchScreen.storyboard;
			sourceTree = "<group>";
		};
/* End PBXVariantGroup section */

/* Begin XCBuildConfiguration section */
		2D86C3A2208EA9B800A2C48E /* Debug */ = {
			isa = XCBuildConfiguration;
			buildSettings = {
				ALWAYS_SEARCH_USER_PATHS = NO;
				CLANG_ANALYZER_NONNULL = YES;
				CLANG_ANALYZER_NUMBER_OBJECT_CONVERSION = YES_AGGRESSIVE;
				CLANG_CXX_LANGUAGE_STANDARD = "gnu++14";
				CLANG_CXX_LIBRARY = "libc++";
				CLANG_ENABLE_MODULES = YES;
				CLANG_ENABLE_OBJC_ARC = YES;
				CLANG_ENABLE_OBJC_WEAK = YES;
				CLANG_WARN_BLOCK_CAPTURE_AUTORELEASING = YES;
				CLANG_WARN_BOOL_CONVERSION = YES;
				CLANG_WARN_COMMA = YES;
				CLANG_WARN_CONSTANT_CONVERSION = YES;
				CLANG_WARN_DEPRECATED_OBJC_IMPLEMENTATIONS = YES;
				CLANG_WARN_DIRECT_OBJC_ISA_USAGE = YES_ERROR;
				CLANG_WARN_DOCUMENTATION_COMMENTS = YES;
				CLANG_WARN_EMPTY_BODY = YES;
				CLANG_WARN_ENUM_CONVERSION = YES;
				CLANG_WARN_INFINITE_RECURSION = YES;
				CLANG_WARN_INT_CONVERSION = YES;
				CLANG_WARN_NON_LITERAL_NULL_CONVERSION = YES;
				CLANG_WARN_OBJC_IMPLICIT_RETAIN_SELF = YES;
				CLANG_WARN_OBJC_LITERAL_CONVERSION = YES;
				CLANG_WARN_OBJC_ROOT_CLASS = YES_ERROR;
				CLANG_WARN_RANGE_LOOP_ANALYSIS = YES;
				CLANG_WARN_STRICT_PROTOTYPES = YES;
				CLANG_WARN_SUSPICIOUS_MOVE = YES;
				CLANG_WARN_UNGUARDED_AVAILABILITY = YES_AGGRESSIVE;
				CLANG_WARN_UNREACHABLE_CODE = YES;
				CLANG_WARN__DUPLICATE_METHOD_MATCH = YES;
				CODE_SIGN_IDENTITY = "iPhone Developer";
				COPY_PHASE_STRIP = NO;
				DEBUG_INFORMATION_FORMAT = dwarf;
				ENABLE_STRICT_OBJC_MSGSEND = YES;
				ENABLE_TESTABILITY = YES;
				GCC_C_LANGUAGE_STANDARD = gnu11;
				GCC_DYNAMIC_NO_PIC = NO;
				GCC_NO_COMMON_BLOCKS = YES;
				GCC_OPTIMIZATION_LEVEL = 0;
				GCC_PREPROCESSOR_DEFINITIONS = (
					"DEBUG=1",
					"$(inherited)",
				);
				GCC_WARN_64_TO_32_BIT_CONVERSION = YES;
				GCC_WARN_ABOUT_RETURN_TYPE = YES_ERROR;
				GCC_WARN_UNDECLARED_SELECTOR = YES;
				GCC_WARN_UNINITIALIZED_AUTOS = YES_AGGRESSIVE;
				GCC_WARN_UNUSED_FUNCTION = YES;
				GCC_WARN_UNUSED_VARIABLE = YES;
				IPHONEOS_DEPLOYMENT_TARGET = 11.3;
				MTL_ENABLE_DEBUG_INFO = YES;
				ONLY_ACTIVE_ARCH = YES;
				SDKROOT = iphoneos;
				SWIFT_ACTIVE_COMPILATION_CONDITIONS = DEBUG;
				SWIFT_OPTIMIZATION_LEVEL = "-Onone";
			};
			name = Debug;
		};
		2D86C3A3208EA9B800A2C48E /* Release */ = {
			isa = XCBuildConfiguration;
			buildSettings = {
				ALWAYS_SEARCH_USER_PATHS = NO;
				CLANG_ANALYZER_NONNULL = YES;
				CLANG_ANALYZER_NUMBER_OBJECT_CONVERSION = YES_AGGRESSIVE;
				CLANG_CXX_LANGUAGE_STANDARD = "gnu++14";
				CLANG_CXX_LIBRARY = "libc++";
				CLANG_ENABLE_MODULES = YES;
				CLANG_ENABLE_OBJC_ARC = YES;
				CLANG_ENABLE_OBJC_WEAK = YES;
				CLANG_WARN_BLOCK_CAPTURE_AUTORELEASING = YES;
				CLANG_WARN_BOOL_CONVERSION = YES;
				CLANG_WARN_COMMA = YES;
				CLANG_WARN_CONSTANT_CONVERSION = YES;
				CLANG_WARN_DEPRECATED_OBJC_IMPLEMENTATIONS = YES;
				CLANG_WARN_DIRECT_OBJC_ISA_USAGE = YES_ERROR;
				CLANG_WARN_DOCUMENTATION_COMMENTS = YES;
				CLANG_WARN_EMPTY_BODY = YES;
				CLANG_WARN_ENUM_CONVERSION = YES;
				CLANG_WARN_INFINITE_RECURSION = YES;
				CLANG_WARN_INT_CONVERSION = YES;
				CLANG_WARN_NON_LITERAL_NULL_CONVERSION = YES;
				CLANG_WARN_OBJC_IMPLICIT_RETAIN_SELF = YES;
				CLANG_WARN_OBJC_LITERAL_CONVERSION = YES;
				CLANG_WARN_OBJC_ROOT_CLASS = YES_ERROR;
				CLANG_WARN_RANGE_LOOP_ANALYSIS = YES;
				CLANG_WARN_STRICT_PROTOTYPES = YES;
				CLANG_WARN_SUSPICIOUS_MOVE = YES;
				CLANG_WARN_UNGUARDED_AVAILABILITY = YES_AGGRESSIVE;
				CLANG_WARN_UNREACHABLE_CODE = YES;
				CLANG_WARN__DUPLICATE_METHOD_MATCH = YES;
				CODE_SIGN_IDENTITY = "iPhone Developer";
				COPY_PHASE_STRIP = NO;
				DEBUG_INFORMATION_FORMAT = "dwarf-with-dsym";
				ENABLE_NS_ASSERTIONS = NO;
				ENABLE_STRICT_OBJC_MSGSEND = YES;
				GCC_C_LANGUAGE_STANDARD = gnu11;
				GCC_NO_COMMON_BLOCKS = YES;
				GCC_WARN_64_TO_32_BIT_CONVERSION = YES;
				GCC_WARN_ABOUT_RETURN_TYPE = YES_ERROR;
				GCC_WARN_UNDECLARED_SELECTOR = YES;
				GCC_WARN_UNINITIALIZED_AUTOS = YES_AGGRESSIVE;
				GCC_WARN_UNUSED_FUNCTION = YES;
				GCC_WARN_UNUSED_VARIABLE = YES;
				IPHONEOS_DEPLOYMENT_TARGET = 11.3;
				MTL_ENABLE_DEBUG_INFO = NO;
				SDKROOT = iphoneos;
				SWIFT_COMPILATION_MODE = wholemodule;
				SWIFT_OPTIMIZATION_LEVEL = "-O";
				VALIDATE_PRODUCT = YES;
			};
			name = Release;
		};
		2D86C3A5208EA9B800A2C48E /* Debug */ = {
			isa = XCBuildConfiguration;
			baseConfigurationReference = 9710B911B9B4273867501835 /* Pods-Breakpoint.debug.xcconfig */;
			buildSettings = {
				ASSETCATALOG_COMPILER_APPICON_NAME = AppIcon;
				CODE_SIGN_STYLE = Automatic;
				DEVELOPMENT_TEAM = 59AXZG8J3E;
				INFOPLIST_FILE = Breakpoint/Info.plist;
				IPHONEOS_DEPLOYMENT_TARGET = 10.0;
				LD_RUNPATH_SEARCH_PATHS = (
					"$(inherited)",
					"@executable_path/Frameworks",
				);
				PRODUCT_BUNDLE_IDENTIFIER = com.pmc.Breakpoint;
				PRODUCT_NAME = "$(TARGET_NAME)";
				SWIFT_VERSION = 4.0;
				TARGETED_DEVICE_FAMILY = "1,2";
			};
			name = Debug;
		};
		2D86C3A6208EA9B800A2C48E /* Release */ = {
			isa = XCBuildConfiguration;
			baseConfigurationReference = 508A24466DAB0BA29828FFE5 /* Pods-Breakpoint.release.xcconfig */;
			buildSettings = {
				ASSETCATALOG_COMPILER_APPICON_NAME = AppIcon;
				CODE_SIGN_STYLE = Automatic;
				DEVELOPMENT_TEAM = 59AXZG8J3E;
				INFOPLIST_FILE = Breakpoint/Info.plist;
				IPHONEOS_DEPLOYMENT_TARGET = 10.0;
				LD_RUNPATH_SEARCH_PATHS = (
					"$(inherited)",
					"@executable_path/Frameworks",
				);
				PRODUCT_BUNDLE_IDENTIFIER = com.pmc.Breakpoint;
				PRODUCT_NAME = "$(TARGET_NAME)";
				SWIFT_VERSION = 4.0;
				TARGETED_DEVICE_FAMILY = "1,2";
			};
			name = Release;
		};
/* End XCBuildConfiguration section */

/* Begin XCConfigurationList section */
		2D86C38B208EA99100A2C48E /* Build configuration list for PBXProject "Breakpoint" */ = {
			isa = XCConfigurationList;
			buildConfigurations = (
				2D86C3A2208EA9B800A2C48E /* Debug */,
				2D86C3A3208EA9B800A2C48E /* Release */,
			);
			defaultConfigurationIsVisible = 0;
			defaultConfigurationName = Release;
		};
		2D86C3A4208EA9B800A2C48E /* Build configuration list for PBXNativeTarget "Breakpoint" */ = {
			isa = XCConfigurationList;
			buildConfigurations = (
				2D86C3A5208EA9B800A2C48E /* Debug */,
				2D86C3A6208EA9B800A2C48E /* Release */,
			);
			defaultConfigurationIsVisible = 0;
			defaultConfigurationName = Release;
		};
/* End XCConfigurationList section */
	};
	rootObject = 2D86C388208EA99000A2C48E /* Project object */;
}
